{
  "name": "@ruzer/project-brain",
  "version": "0.3.0",
  "lockfileVersion": 3,
  "requires": true,
  "packages": {
    "": {
      "name": "@ruzer/project-brain",
      "version": "0.3.0",
      "license": "MIT",
      "bin": {
        "brain": "bin/brain.mjs"
      },
      "engines": {
        "node": ">=20"
      }
    }
  }
}
